// !$*UTF8*$!
{
	archiveVersion = 1;
	classes = {
	};
	objectVersion = 50;
	objects = {

/* Begin PBXBuildFile section */
		DCF2970722B3EFA600A4FA65 /* AppDelegate.swift in Sources */ = {isa = PBXBuildFile; fileRef = DCF2970622B3EFA600A4FA65 /* AppDelegate.swift */; };
		DCF2970C22B3EFA600A4FA65 /* Main.storyboard in Resources */ = {isa = PBXBuildFile; fileRef = DCF2970A22B3EFA600A4FA65 /* Main.storyboard */; };
		DCF2970E22B3EFA700A4FA65 /* Assets.xcassets in Resources */ = {isa = PBXBuildFile; fileRef = DCF2970D22B3EFA700A4FA65 /* Assets.xcassets */; };
		DCF2971122B3EFA700A4FA65 /* LaunchScreen.storyboard in Resources */ = {isa = PBXBuildFile; fileRef = DCF2970F22B3EFA700A4FA65 /* LaunchScreen.storyboard */; };
		DCF2971A22B3F02E00A4FA65 /* Person.swift in Sources */ = {isa = PBXBuildFile; fileRef = DCF2971922B3F02E00A4FA65 /* Person.swift */; };
		DCF2971D22B3F05A00A4FA65 /* PersonController.swift in Sources */ = {isa = PBXBuildFile; fileRef = DCF2971C22B3F05A00A4FA65 /* PersonController.swift */; };
		DCF2972022B3F1E800A4FA65 /* GroupsTableViewController.swift in Sources */ = {isa = PBXBuildFile; fileRef = DCF2971F22B3F1E800A4FA65 /* GroupsTableViewController.swift */; };
/* End PBXBuildFile section */

/* Begin PBXFileReference section */
		DCF2970322B3EFA600A4FA65 /* AnchorPointAssessment6.app */ = {isa = PBXFileReference; explicitFileType = wrapper.application; includeInIndex = 0; path = AnchorPointAssessment6.app; sourceTree = BUILT_PRODUCTS_DIR; };
		DCF2970622B3EFA600A4FA65 /* AppDelegate.swift */ = {isa = PBXFileReference; lastKnownFileType = sourcecode.swift; path = AppDelegate.swift; sourceTree = "<group>"; };
		DCF2970B22B3EFA600A4FA65 /* Base */ = {isa = PBXFileReference; lastKnownFileType = file.storyboard; name = Base; path = Base.lproj/Main.storyboard; sourceTree = "<group>"; };
		DCF2970D22B3EFA700A4FA65 /* Assets.xcassets */ = {isa = PBXFileReference; lastKnownFileType = folder.assetcatalog; path = Assets.xcassets; sourceTree = "<group>"; };
		DCF2971022B3EFA700A4FA65 /* Base */ = {isa = PBXFileReference; lastKnownFileType = file.storyboard; name = Base; path = Base.lproj/LaunchScreen.storyboard; sourceTree = "<group>"; };
		DCF2971222B3EFA700A4FA65 /* Info.plist */ = {isa = PBXFileReference; lastKnownFileType = text.plist.xml; path = Info.plist; sourceTree = "<group>"; };
		DCF2971922B3F02E00A4FA65 /* Person.swift */ = {isa = PBXFileReference; lastKnownFileType = sourcecode.swift; path = Person.swift; sourceTree = "<group>"; };
		DCF2971C22B3F05A00A4FA65 /* PersonController.swift */ = {isa = PBXFileReference; lastKnownFileType = sourcecode.swift; path = PersonController.swift; sourceTree = "<group>"; };
		DCF2971F22B3F1E800A4FA65 /* GroupsTableViewController.swift */ = {isa = PBXFileReference; lastKnownFileType = sourcecode.swift; path = GroupsTableViewController.swift; sourceTree = "<group>"; };
/* End PBXFileReference section */

/* Begin PBXFrameworksBuildPhase section */
		DCF2970022B3EFA600A4FA65 /* Frameworks */ = {
			isa = PBXFrameworksBuildPhase;
			buildActionMask = 2147483647;
			files = (
			);
			runOnlyForDeploymentPostprocessing = 0;
		};
/* End PBXFrameworksBuildPhase section */

/* Begin PBXGroup section */
		DCF296FA22B3EFA600A4FA65 = {
			isa = PBXGroup;
			children = (
				DCF2970522B3EFA600A4FA65 /* AnchorPointAssessment6 */,
				DCF2970422B3EFA600A4FA65 /* Products */,
			);
			sourceTree = "<group>";
		};
		DCF2970422B3EFA600A4FA65 /* Products */ = {
			isa = PBXGroup;
			children = (
				DCF2970322B3EFA600A4FA65 /* AnchorPointAssessment6.app */,
			);
			name = Products;
			sourceTree = "<group>";
		};
		DCF2970522B3EFA600A4FA65 /* AnchorPointAssessment6 */ = {
			isa = PBXGroup;
			children = (
				DCF2971822B3EFCA00A4FA65 /* Resources */,
				DCF2970A22B3EFA600A4FA65 /* Main.storyboard */,
				DCF2971B22B3F03200A4FA65 /* Model */,
				DCF2971E22B3F05D00A4FA65 /* ModelController */,
				DCF2972122B3F1EB00A4FA65 /* ViewController */,
			);
			path = AnchorPointAssessment6;
			sourceTree = "<group>";
		};
		DCF2971822B3EFCA00A4FA65 /* Resources */ = {
			isa = PBXGroup;
			children = (
				DCF2970622B3EFA600A4FA65 /* AppDelegate.swift */,
				DCF2970D22B3EFA700A4FA65 /* Assets.xcassets */,
				DCF2970F22B3EFA700A4FA65 /* LaunchScreen.storyboard */,
				DCF2971222B3EFA700A4FA65 /* Info.plist */,
			);
			path = Resources;
			sourceTree = "<group>";
		};
		DCF2971B22B3F03200A4FA65 /* Model */ = {
			isa = PBXGroup;
			children = (
				DCF2971922B3F02E00A4FA65 /* Person.swift */,
			);
			path = Model;
			sourceTree = "<group>";
		};
		DCF2971E22B3F05D00A4FA65 /* ModelController */ = {
			isa = PBXGroup;
			children = (
				DCF2971C22B3F05A00A4FA65 /* PersonController.swift */,
			);
			path = ModelController;
			sourceTree = "<group>";
		};
		DCF2972122B3F1EB00A4FA65 /* ViewController */ = {
			isa = PBXGroup;
			children = (
				DCF2971F22B3F1E800A4FA65 /* GroupsTableViewController.swift */,
			);
			path = ViewController;
			sourceTree = "<group>";
		};
/* End PBXGroup section */

/* Begin PBXNativeTarget section */
		DCF2970222B3EFA600A4FA65 /* AnchorPointAssessment6 */ = {
			isa = PBXNativeTarget;
			buildConfigurationList = DCF2971522B3EFA700A4FA65 /* Build configuration list for PBXNativeTarget "AnchorPointAssessment6" */;
			buildPhases = (
				DCF296FF22B3EFA600A4FA65 /* Sources */,
				DCF2970022B3EFA600A4FA65 /* Frameworks */,
				DCF2970122B3EFA600A4FA65 /* Resources */,
			);
			buildRules = (
			);
			dependencies = (
			);
			name = AnchorPointAssessment6;
			productName = AnchorPointAssessment6;
			productReference = DCF2970322B3EFA600A4FA65 /* AnchorPointAssessment6.app */;
			productType = "com.apple.product-type.application";
		};
/* End PBXNativeTarget section */

/* Begin PBXProject section */
		DCF296FB22B3EFA600A4FA65 /* Project object */ = {
			isa = PBXProject;
			attributes = {
				LastSwiftUpdateCheck = 1020;
				LastUpgradeCheck = 1020;
				ORGANIZATIONNAME = DevMountain;
				TargetAttributes = {
					DCF2970222B3EFA600A4FA65 = {
						CreatedOnToolsVersion = 10.2.1;
					};
				};
			};
			buildConfigurationList = DCF296FE22B3EFA600A4FA65 /* Build configuration list for PBXProject "AnchorPointAssessment6" */;
			compatibilityVersion = "Xcode 9.3";
			developmentRegion = en;
			hasScannedForEncodings = 0;
			knownRegions = (
				en,
				Base,
			);
			mainGroup = DCF296FA22B3EFA600A4FA65;
			productRefGroup = DCF2970422B3EFA600A4FA65 /* Products */;
			projectDirPath = "";
			projectRoot = "";
			targets = (
				DCF2970222B3EFA600A4FA65 /* AnchorPointAssessment6 */,
			);
		};
/* End PBXProject section */

/* Begin PBXResourcesBuildPhase section */
		DCF2970122B3EFA600A4FA65 /* Resources */ = {
			isa = PBXResourcesBuildPhase;
			buildActionMask = 2147483647;
			files = (
				DCF2971122B3EFA700A4FA65 /* LaunchScreen.storyboard in Resources */,
				DCF2970E22B3EFA700A4FA65 /* Assets.xcassets in Resources */,
				DCF2970C22B3EFA600A4FA65 /* Main.storyboard in Resources */,
			);
			runOnlyForDeploymentPostprocessing = 0;
		};
/* End PBXResourcesBuildPhase section */

/* Begin PBXSourcesBuildPhase section */
		DCF296FF22B3EFA600A4FA65 /* Sources */ = {
			isa = PBXSourcesBuildPhase;
			buildActionMask = 2147483647;
			files = (
				DCF2971A22B3F02E00A4FA65 /* Person.swift in Sources */,
				DCF2972022B3F1E800A4FA65 /* GroupsTableViewController.swift in Sources */,
				DCF2971D22B3F05A00A4FA65 /* PersonController.swift in Sources */,
				DCF2970722B3EFA600A4FA65 /* AppDelegate.swift in Sources */,
			);
			runOnlyForDeploymentPostprocessing = 0;
		};
/* End PBXSourcesBuildPhase section */

/* Begin PBXVariantGroup section */
		DCF2970A22B3EFA600A4FA65 /* Main.storyboard */ = {
			isa = PBXVariantGroup;
			children = (
				DCF2970B22B3EFA600A4FA65 /* Base */,
			);
			name = Main.storyboard;
			sourceTree = "<group>";
		};
		DCF2970F22B3EFA700A4FA65 /* LaunchScreen.storyboard */ = {
			isa = PBXVariantGroup;
			children = (
				DCF2971022B3EFA700A4FA65 /* Base */,
			);
			name = LaunchScreen.storyboard;
			sourceTree = "<group>";
		};
/* End PBXVariantGroup section */

/* Begin XCBuildConfiguration section */
		DCF2971322B3EFA700A4FA65 /* Debug */ = {
			isa = XCBuildConfiguration;
			buildSettings = {
				ALWAYS_SEARCH_USER_PATHS = NO;
				CLANG_ANALYZER_NONNULL = YES;
				CLANG_ANALYZER_NUMBER_OBJECT_CONVERSION = YES_AGGRESSIVE;
				CLANG_CXX_LANGUAGE_STANDARD = "gnu++14";
				CLANG_CXX_LIBRARY = "libc++";
				CLANG_ENABLE_MODULES = YES;
				CLANG_ENABLE_OBJC_ARC = YES;
				CLANG_ENABLE_OBJC_WEAK = YES;
				CLANG_WARN_BLOCK_CAPTURE_AUTORELEASING = YES;
				CLANG_WARN_BOOL_CONVERSION = YES;
				CLANG_WARN_COMMA = YES;
				CLANG_WARN_CONSTANT_CONVERSION = YES;
				CLANG_WARN_DEPRECATED_OBJC_IMPLEMENTATIONS = YES;
				CLANG_WARN_DIRECT_OBJC_ISA_USAGE = YES_ERROR;
				CLANG_WARN_DOCUMENTATION_COMMENTS = YES;
				CLANG_WARN_EMPTY_BODY = YES;
				CLANG_WARN_ENUM_CONVERSION = YES;
				CLANG_WARN_INFINITE_RECURSION = YES;
				CLANG_WARN_INT_CONVERSION = YES;
				CLANG_WARN_NON_LITERAL_NULL_CONVERSION = YES;
				CLANG_WARN_OBJC_IMPLICIT_RETAIN_SELF = YES;
				CLANG_WARN_OBJC_LITERAL_CONVERSION = YES;
				CLANG_WARN_OBJC_ROOT_CLASS = YES_ERROR;
				CLANG_WARN_RANGE_LOOP_ANALYSIS = YES;
				CLANG_WARN_STRICT_PROTOTYPES = YES;
				CLANG_WARN_SUSPICIOUS_MOVE = YES;
				CLANG_WARN_UNGUARDED_AVAILABILITY = YES_AGGRESSIVE;
				CLANG_WARN_UNREACHABLE_CODE = YES;
				CLANG_WARN__DUPLICATE_METHOD_MATCH = YES;
				CODE_SIGN_IDENTITY = "iPhone Developer";
				COPY_PHASE_STRIP = NO;
				DEBUG_INFORMATION_FORMAT = dwarf;
				ENABLE_STRICT_OBJC_MSGSEND = YES;
				ENABLE_TESTABILITY = YES;
				GCC_C_LANGUAGE_STANDARD = gnu11;
				GCC_DYNAMIC_NO_PIC = NO;
				GCC_NO_COMMON_BLOCKS = YES;
				GCC_OPTIMIZATION_LEVEL = 0;
				GCC_PREPROCESSOR_DEFINITIONS = (
					"DEBUG=1",
					"$(inherited)",
				);
				GCC_WARN_64_TO_32_BIT_CONVERSION = YES;
				GCC_WARN_ABOUT_RETURN_TYPE = YES_ERROR;
				GCC_WARN_UNDECLARED_SELECTOR = YES;
				GCC_WARN_UNINITIALIZED_AUTOS = YES_AGGRESSIVE;
				GCC_WARN_UNUSED_FUNCTION = YES;
				GCC_WARN_UNUSED_VARIABLE = YES;
				IPHONEOS_DEPLOYMENT_TARGET = 12.2;
				MTL_ENABLE_DEBUG_INFO = INCLUDE_SOURCE;
				MTL_FAST_MATH = YES;
				ONLY_ACTIVE_ARCH = YES;
				SDKROOT = iphoneos;
				SWIFT_ACTIVE_COMPILATION_CONDITIONS = DEBUG;
				SWIFT_OPTIMIZATION_LEVEL = "-Onone";
			};
			name = Debug;
		};
		DCF2971422B3EFA700A4FA65 /* Release */ = {
			isa = XCBuildConfiguration;
			buildSettings = {
				ALWAYS_SEARCH_USER_PATHS = NO;
				CLANG_ANALYZER_NONNULL = YES;
				CLANG_ANALYZER_NUMBER_OBJECT_CONVERSION = YES_AGGRESSIVE;
				CLANG_CXX_LANGUAGE_STANDARD = "gnu++14";
				CLANG_CXX_LIBRARY = "libc++";
				CLANG_ENABLE_MODULES = YES;
				CLANG_ENABLE_OBJC_ARC = YES;
				CLANG_ENABLE_OBJC_WEAK = YES;
				CLANG_WARN_BLOCK_CAPTURE_AUTORELEASING = YES;
				CLANG_WARN_BOOL_CONVERSION = YES;
				CLANG_WARN_COMMA = YES;
				CLANG_WARN_CONSTANT_CONVERSION = YES;
				CLANG_WARN_DEPRECATED_OBJC_IMPLEMENTATIONS = YES;
				CLANG_WARN_DIRECT_OBJC_ISA_USAGE = YES_ERROR;
				CLANG_WARN_DOCUMENTATION_COMMENTS = YES;
				CLANG_WARN_EMPTY_BODY = YES;
				CLANG_WARN_ENUM_CONVERSION = YES;
				CLANG_WARN_INFINITE_RECURSION = YES;
				CLANG_WARN_INT_CONVERSION = YES;
				CLANG_WARN_NON_LITERAL_NULL_CONVERSION = YES;
				CLANG_WARN_OBJC_IMPLICIT_RETAIN_SELF = YES;
				CLANG_WARN_OBJC_LITERAL_CONVERSION = YES;
				CLANG_WARN_OBJC_ROOT_CLASS = YES_ERROR;
				CLANG_WARN_RANGE_LOOP_ANALYSIS = YES;
				CLANG_WARN_STRICT_PROTOTYPES = YES;
				CLANG_WARN_SUSPICIOUS_MOVE = YES;
				CLANG_WARN_UNGUARDED_AVAILABILITY = YES_AGGRESSIVE;
				CLANG_WARN_UNREACHABLE_CODE = YES;
				CLANG_WARN__DUPLICATE_METHOD_MATCH = YES;
				CODE_SIGN_IDENTITY = "iPhone Developer";
				COPY_PHASE_STRIP = NO;
				DEBUG_INFORMATION_FORMAT = "dwarf-with-dsym";
				ENABLE_NS_ASSERTIONS = NO;
				ENABLE_STRICT_OBJC_MSGSEND = YES;
				GCC_C_LANGUAGE_STANDARD = gnu11;
				GCC_NO_COMMON_BLOCKS = YES;
				GCC_WARN_64_TO_32_BIT_CONVERSION = YES;
				GCC_WARN_ABOUT_RETURN_TYPE = YES_ERROR;
				GCC_WARN_UNDECLARED_SELECTOR = YES;
				GCC_WARN_UNINITIALIZED_AUTOS = YES_AGGRESSIVE;
				GCC_WARN_UNUSED_FUNCTION = YES;
				GCC_WARN_UNUSED_VARIABLE = YES;
				IPHONEOS_DEPLOYMENT_TARGET = 12.2;
				MTL_ENABLE_DEBUG_INFO = NO;
				MTL_FAST_MATH = YES;
				SDKROOT = iphoneos;
				SWIFT_COMPILATION_MODE = wholemodule;
				SWIFT_OPTIMIZATION_LEVEL = "-O";
				VALIDATE_PRODUCT = YES;
			};
			name = Release;
		};
		DCF2971622B3EFA700A4FA65 /* Debug */ = {
			isa = XCBuildConfiguration;
			buildSettings = {
				ASSETCATALOG_COMPILER_APPICON_NAME = AppIcon;
				CODE_SIGN_STYLE = Automatic;
				DEVELOPMENT_TEAM = DT6NQCY8FM;
				INFOPLIST_FILE = "$(SRCROOT)/AnchorPointAssessment6/Resources/Info.plist";
				LD_RUNPATH_SEARCH_PATHS = (
					"$(inherited)",
					"@executable_path/Frameworks",
				);
				PRODUCT_BUNDLE_IDENTIFIER = KadenDevMountain.AnchorPointAssessment6;
				PRODUCT_NAME = "$(TARGET_NAME)";
				SWIFT_VERSION = 5.0;
				TARGETED_DEVICE_FAMILY = "1,2";
			};
			name = Debug;
		};
		DCF2971722B3EFA700A4FA65 /* Release */ = {
			isa = XCBuildConfiguration;
			buildSettings = {
				ASSETCATALOG_COMPILER_APPICON_NAME = AppIcon;
				CODE_SIGN_STYLE = Automatic;
				DEVELOPMENT_TEAM = DT6NQCY8FM;
				INFOPLIST_FILE = "$(SRCROOT)/AnchorPointAssessment6/Resources/Info.plist";
				LD_RUNPATH_SEARCH_PATHS = (
					"$(inherited)",
					"@executable_path/Frameworks",
				);
				PRODUCT_BUNDLE_IDENTIFIER = KadenDevMountain.AnchorPointAssessment6;
				PRODUCT_NAME = "$(TARGET_NAME)";
				SWIFT_VERSION = 5.0;
				TARGETED_DEVICE_FAMILY = "1,2";
			};
			name = Release;
		};
/* End XCBuildConfiguration section */

/* Begin XCConfigurationList section */
		DCF296FE22B3EFA600A4FA65 /* Build configuration list for PBXProject "AnchorPointAssessment6" */ = {
			isa = XCConfigurationList;
			buildConfigurations = (
				DCF2971322B3EFA700A4FA65 /* Debug */,
				DCF2971422B3EFA700A4FA65 /* Release */,
			);
			defaultConfigurationIsVisible = 0;
			defaultConfigurationName = Release;
		};
		DCF2971522B3EFA700A4FA65 /* Build configuration list for PBXNativeTarget "AnchorPointAssessment6" */ = {
			isa = XCConfigurationList;
			buildConfigurations = (
				DCF2971622B3EFA700A4FA65 /* Debug */,
				DCF2971722B3EFA700A4FA65 /* Release */,
			);
			defaultConfigurationIsVisible = 0;
			defaultConfigurationName = Release;
		};
/* End XCConfigurationList section */
	};
	rootObject = DCF296FB22B3EFA600A4FA65 /* Project object */;
}
